
Microsoft Visual Studio Solution File, Format Version 12.00
# Visual Studio Version 17
VisualStudioVersion = 17.14.36623.8 d17.14
MinimumVisualStudioVersion = 10.0.40219.1
Project("{FAE04EC0-301F-11D3-BF4B-00C04F79EFBC}") = "WinFormsApp4", "WinFormsApp4\WinFormsApp4.csproj", "{D888C702-57A2-4ED5-82B5-D1F44EE2FA56}"
EndProject
Global
	GlobalSection(SolutionConfigurationPlatforms) = preSolution
		Debug|Any CPU = Debug|Any CPU
		Release|Any CPU = Release|Any CPU
	EndGlobalSection
	GlobalSection(ProjectConfigurationPlatforms) = postSolution
		{D888C702-57A2-4ED5-82B5-D1F44EE2FA56}.Debug|Any CPU.ActiveCfg = Debug|Any CPU
		{D888C702-57A2-4ED5-82B5-D1F44EE2FA56}.Debug|Any CPU.Build.0 = Debug|Any CPU
		{D888C702-57A2-4ED5-82B5-D1F44EE2FA56}.Release|Any CPU.ActiveCfg = Release|Any CPU
		{D888C702-57A2-4ED5-82B5-D1F44EE2FA56}.Release|Any CPU.Build.0 = Release|Any CPU
	EndGlobalSection
	GlobalSection(SolutionProperties) = preSolution
		HideSolutionNode = FALSE
	EndGlobalSection
	GlobalSection(ExtensibilityGlobals) = postSolution
		SolutionGuid = {613729D7-498C-4DB8-8D28-2B2BE0D292B9}
	EndGlobalSection
EndGlobal
